
Microsoft Visual Studio Solution File, Format Version 12.00
# Visual Studio Version 17
VisualStudioVersion = 17.0.32014.148
MinimumVisualStudioVersion = 10.0.40219.1
Project("{FAE04EC0-301F-11D3-BF4B-00C04F79EFBC}") = "ToastDemo", "ToastDemo\ToastDemo.csproj", "{1A94CE7B-17E5-416B-900A-1F2434443B0F}"
EndProject
Global
	GlobalSection(SolutionConfigurationPlatforms) = preSolution
		Debug|Any CPU = Debug|Any CPU
		Release|Any CPU = Release|Any CPU
	EndGlobalSection
	GlobalSection(ProjectConfigurationPlatforms) = postSolution
		{1A94CE7B-17E5-416B-900A-1F2434443B0F}.Debug|Any CPU.ActiveCfg = Debug|Any CPU
		{1A94CE7B-17E5-416B-900A-1F2434443B0F}.Debug|Any CPU.Build.0 = Debug|Any CPU
		{1A94CE7B-17E5-416B-900A-1F2434443B0F}.Release|Any CPU.ActiveCfg = Release|Any CPU
		{1A94CE7B-17E5-416B-900A-1F2434443B0F}.Release|Any CPU.Build.0 = Release|Any CPU
	EndGlobalSection
	GlobalSection(SolutionProperties) = preSolution
		HideSolutionNode = FALSE
	EndGlobalSection
	GlobalSection(ExtensibilityGlobals) = postSolution
		SolutionGuid = {5C876928-54ED-47DB-88F6-8ACFF96FDF9E}
	EndGlobalSection
EndGlobal
